// !$*UTF8*$!
{
	archiveVersion = 1;
	classes = {
	};
	objectVersion = 46;
	objects = {

/* Begin PBXBuildFile section */
		C47B97CA1DD1A89200F6F6A0 /* AppDelegate.swift in Sources */ = {isa = PBXBuildFile; fileRef = C47B97C91DD1A89200F6F6A0 /* AppDelegate.swift */; };
		C47B97CC1DD1A89200F6F6A0 /* ViewController.swift in Sources */ = {isa = PBXBuildFile; fileRef = C47B97CB1DD1A89200F6F6A0 /* ViewController.swift */; };
		C47B97CF1DD1A89200F6F6A0 /* Main.storyboard in Resources */ = {isa = PBXBuildFile; fileRef = C47B97CD1DD1A89200F6F6A0 /* Main.storyboard */; };
		C47B97D11DD1A89200F6F6A0 /* Assets.xcassets in Resources */ = {isa = PBXBuildFile; fileRef = C47B97D01DD1A89200F6F6A0 /* Assets.xcassets */; };
		C47B97D41DD1A89200F6F6A0 /* LaunchScreen.storyboard in Resources */ = {isa = PBXBuildFile; fileRef = C47B97D21DD1A89200F6F6A0 /* LaunchScreen.storyboard */; };
/* End PBXBuildFile section */

/* Begin PBXFileReference section */
		C47B97C61DD1A89200F6F6A0 /* VisualAlgorithm.app */ = {isa = PBXFileReference; explicitFileType = wrapper.application; includeInIndex = 0; path = VisualAlgorithm.app; sourceTree = BUILT_PRODUCTS_DIR; };
		C47B97C91DD1A89200F6F6A0 /* AppDelegate.swift */ = {isa = PBXFileReference; lastKnownFileType = sourcecode.swift; path = AppDelegate.swift; sourceTree = "<group>"; };
		C47B97CB1DD1A89200F6F6A0 /* ViewController.swift */ = {isa = PBXFileReference; lastKnownFileType = sourcecode.swift; path = ViewController.swift; sourceTree = "<group>"; };
		C47B97CE1DD1A89200F6F6A0 /* Base */ = {isa = PBXFileReference; lastKnownFileType = file.storyboard; name = Base; path = Base.lproj/Main.storyboard; sourceTree = "<group>"; };
		C47B97D01DD1A89200F6F6A0 /* Assets.xcassets */ = {isa = PBXFileReference; lastKnownFileType = folder.assetcatalog; path = Assets.xcassets; sourceTree = "<group>"; };
		C47B97D31DD1A89200F6F6A0 /* Base */ = {isa = PBXFileReference; lastKnownFileType = file.storyboard; name = Base; path = Base.lproj/LaunchScreen.storyboard; sourceTree = "<group>"; };
		C47B97D51DD1A89200F6F6A0 /* Info.plist */ = {isa = PBXFileReference; lastKnownFileType = text.plist.xml; path = Info.plist; sourceTree = "<group>"; };
/* End PBXFileReference section */

/* Begin PBXFrameworksBuildPhase section */
		C47B97C31DD1A89200F6F6A0 /* Frameworks */ = {
			isa = PBXFrameworksBuildPhase;
			buildActionMask = 2147483647;
			files = (
			);
			runOnlyForDeploymentPostprocessing = 0;
		};
/* End PBXFrameworksBuildPhase section */

/* Begin PBXGroup section */
		C47B97BD1DD1A89200F6F6A0 = {
			isa = PBXGroup;
			children = (
				C47B97C81DD1A89200F6F6A0 /* VisualAlgorithm */,
				C47B97C71DD1A89200F6F6A0 /* Products */,
			);
			sourceTree = "<group>";
		};
		C47B97C71DD1A89200F6F6A0 /* Products */ = {
			isa = PBXGroup;
			children = (
				C47B97C61DD1A89200F6F6A0 /* VisualAlgorithm.app */,
			);
			name = Products;
			sourceTree = "<group>";
		};
		C47B97C81DD1A89200F6F6A0 /* VisualAlgorithm */ = {
			isa = PBXGroup;
			children = (
				C47B97C91DD1A89200F6F6A0 /* AppDelegate.swift */,
				C47B97CB1DD1A89200F6F6A0 /* ViewController.swift */,
				C47B97CD1DD1A89200F6F6A0 /* Main.storyboard */,
				C47B97D01DD1A89200F6F6A0 /* Assets.xcassets */,
				C47B97D21DD1A89200F6F6A0 /* LaunchScreen.storyboard */,
				C47B97D51DD1A89200F6F6A0 /* Info.plist */,
			);
			path = VisualAlgorithm;
			sourceTree = "<group>";
		};
/* End PBXGroup section */

/* Begin PBXNativeTarget section */
		C47B97C51DD1A89200F6F6A0 /* VisualAlgorithm */ = {
			isa = PBXNativeTarget;
			buildConfigurationList = C47B97D81DD1A89200F6F6A0 /* Build configuration list for PBXNativeTarget "VisualAlgorithm" */;
			buildPhases = (
				C47B97C21DD1A89200F6F6A0 /* Sources */,
				C47B97C31DD1A89200F6F6A0 /* Frameworks */,
				C47B97C41DD1A89200F6F6A0 /* Resources */,
			);
			buildRules = (
			);
			dependencies = (
			);
			name = VisualAlgorithm;
			productName = VisualAlgorithm;
			productReference = C47B97C61DD1A89200F6F6A0 /* VisualAlgorithm.app */;
			productType = "com.apple.product-type.application";
		};
/* End PBXNativeTarget section */

/* Begin PBXProject section */
		C47B97BE1DD1A89200F6F6A0 /* Project object */ = {
			isa = PBXProject;
			attributes = {
				LastSwiftUpdateCheck = 0810;
				LastUpgradeCheck = 0810;
				ORGANIZATIONNAME = ChaosTong;
				TargetAttributes = {
					C47B97C51DD1A89200F6F6A0 = {
						CreatedOnToolsVersion = 8.1;
						DevelopmentTeam = 9Y74876TPS;
						ProvisioningStyle = Automatic;
					};
				};
			};
			buildConfigurationList = C47B97C11DD1A89200F6F6A0 /* Build configuration list for PBXProject "VisualAlgorithm" */;
			compatibilityVersion = "Xcode 3.2";
			developmentRegion = English;
			hasScannedForEncodings = 0;
			knownRegions = (
				en,
				Base,
			);
			mainGroup = C47B97BD1DD1A89200F6F6A0;
			productRefGroup = C47B97C71DD1A89200F6F6A0 /* Products */;
			projectDirPath = "";
			projectRoot = "";
			targets = (
				C47B97C51DD1A89200F6F6A0 /* VisualAlgorithm */,
			);
		};
/* End PBXProject section */

/* Begin PBXResourcesBuildPhase section */
		C47B97C41DD1A89200F6F6A0 /* Resources */ = {
			isa = PBXResourcesBuildPhase;
			buildActionMask = 2147483647;
			files = (
				C47B97D41DD1A89200F6F6A0 /* LaunchScreen.storyboard in Resources */,
				C47B97D11DD1A89200F6F6A0 /* Assets.xcassets in Resources */,
				C47B97CF1DD1A89200F6F6A0 /* Main.storyboard in Resources */,
			);
			runOnlyForDeploymentPostprocessing = 0;
		};
/* End PBXResourcesBuildPhase section */

/* Begin PBXSourcesBuildPhase section */
		C47B97C21DD1A89200F6F6A0 /* Sources */ = {
			isa = PBXSourcesBuildPhase;
			buildActionMask = 2147483647;
			files = (
				C47B97CC1DD1A89200F6F6A0 /* ViewController.swift in Sources */,
				C47B97CA1DD1A89200F6F6A0 /* AppDelegate.swift in Sources */,
			);
			runOnlyForDeploymentPostprocessing = 0;
		};
/* End PBXSourcesBuildPhase section */

/* Begin PBXVariantGroup section */
		C47B97CD1DD1A89200F6F6A0 /* Main.storyboard */ = {
			isa = PBXVariantGroup;
			children = (
				C47B97CE1DD1A89200F6F6A0 /* Base */,
			);
			name = Main.storyboard;
			sourceTree = "<group>";
		};
		C47B97D21DD1A89200F6F6A0 /* LaunchScreen.storyboard */ = {
			isa = PBXVariantGroup;
			children = (
				C47B97D31DD1A89200F6F6A0 /* Base */,
			);
			name = LaunchScreen.storyboard;
			sourceTree = "<group>";
		};
/* End PBXVariantGroup section */

/* Begin XCBuildConfiguration section */
		C47B97D61DD1A89200F6F6A0 /* Debug */ = {
			isa = XCBuildConfiguration;
			buildSettings = {
				ALWAYS_SEARCH_USER_PATHS = NO;
				CLANG_ANALYZER_NONNULL = YES;
				CLANG_CXX_LANGUAGE_STANDARD = "gnu++0x";
				CLANG_CXX_LIBRARY = "libc++";
				CLANG_ENABLE_MODULES = YES;
				CLANG_ENABLE_OBJC_ARC = YES;
				CLANG_WARN_BOOL_CONVERSION = YES;
				CLANG_WARN_CONSTANT_CONVERSION = YES;
				CLANG_WARN_DIRECT_OBJC_ISA_USAGE = YES_ERROR;
				CLANG_WARN_DOCUMENTATION_COMMENTS = YES;
				CLANG_WARN_EMPTY_BODY = YES;
				CLANG_WARN_ENUM_CONVERSION = YES;
				CLANG_WARN_INFINITE_RECURSION = YES;
				CLANG_WARN_INT_CONVERSION = YES;
				CLANG_WARN_OBJC_ROOT_CLASS = YES_ERROR;
				CLANG_WARN_SUSPICIOUS_MOVES = YES;
				CLANG_WARN_UNREACHABLE_CODE = YES;
				CLANG_WARN__DUPLICATE_METHOD_MATCH = YES;
				"CODE_SIGN_IDENTITY[sdk=iphoneos*]" = "iPhone Developer";
				COPY_PHASE_STRIP = NO;
				DEBUG_INFORMATION_FORMAT = dwarf;
				ENABLE_STRICT_OBJC_MSGSEND = YES;
				ENABLE_TESTABILITY = YES;
				GCC_C_LANGUAGE_STANDARD = gnu99;
				GCC_DYNAMIC_NO_PIC = NO;
				GCC_NO_COMMON_BLOCKS = YES;
				GCC_OPTIMIZATION_LEVEL = 0;
				GCC_PREPROCESSOR_DEFINITIONS = (
					"DEBUG=1",
					"$(inherited)",
				);
				GCC_WARN_64_TO_32_BIT_CONVERSION = YES;
				GCC_WARN_ABOUT_RETURN_TYPE = YES_ERROR;
				GCC_WARN_UNDECLARED_SELECTOR = YES;
				GCC_WARN_UNINITIALIZED_AUTOS = YES_AGGRESSIVE;
				GCC_WARN_UNUSED_FUNCTION = YES;
				GCC_WARN_UNUSED_VARIABLE = YES;
				IPHONEOS_DEPLOYMENT_TARGET = 10.1;
				MTL_ENABLE_DEBUG_INFO = YES;
				ONLY_ACTIVE_ARCH = YES;
				SDKROOT = iphoneos;
				SWIFT_ACTIVE_COMPILATION_CONDITIONS = DEBUG;
				SWIFT_OPTIMIZATION_LEVEL = "-Onone";
				TARGETED_DEVICE_FAMILY = "1,2";
			};
			name = Debug;
		};
		C47B97D71DD1A89200F6F6A0 /* Release */ = {
			isa = XCBuildConfiguration;
			buildSettings = {
				ALWAYS_SEARCH_USER_PATHS = NO;
				CLANG_ANALYZER_NONNULL = YES;
				CLANG_CXX_LANGUAGE_STANDARD = "gnu++0x";
				CLANG_CXX_LIBRARY = "libc++";
				CLANG_ENABLE_MODULES = YES;
				CLANG_ENABLE_OBJC_ARC = YES;
				CLANG_WARN_BOOL_CONVERSION = YES;
				CLANG_WARN_CONSTANT_CONVERSION = YES;
				CLANG_WARN_DIRECT_OBJC_ISA_USAGE = YES_ERROR;
				CLANG_WARN_DOCUMENTATION_COMMENTS = YES;
				CLANG_WARN_EMPTY_BODY = YES;
				CLANG_WARN_ENUM_CONVERSION = YES;
				CLANG_WARN_INFINITE_RECURSION = YES;
				CLANG_WARN_INT_CONVERSION = YES;
				CLANG_WARN_OBJC_ROOT_CLASS = YES_ERROR;
				CLANG_WARN_SUSPICIOUS_MOVES = YES;
				CLANG_WARN_UNREACHABLE_CODE = YES;
				CLANG_WARN__DUPLICATE_METHOD_MATCH = YES;
				"CODE_SIGN_IDENTITY[sdk=iphoneos*]" = "iPhone Developer";
				COPY_PHASE_STRIP = NO;
				DEBUG_INFORMATION_FORMAT = "dwarf-with-dsym";
				ENABLE_NS_ASSERTIONS = NO;
				ENABLE_STRICT_OBJC_MSGSEND = YES;
				GCC_C_LANGUAGE_STANDARD = gnu99;
				GCC_NO_COMMON_BLOCKS = YES;
				GCC_WARN_64_TO_32_BIT_CONVERSION = YES;
				GCC_WARN_ABOUT_RETURN_TYPE = YES_ERROR;
				GCC_WARN_UNDECLARED_SELECTOR = YES;
				GCC_WARN_UNINITIALIZED_AUTOS = YES_AGGRESSIVE;
				GCC_WARN_UNUSED_FUNCTION = YES;
				GCC_WARN_UNUSED_VARIABLE = YES;
				IPHONEOS_DEPLOYMENT_TARGET = 10.1;
				MTL_ENABLE_DEBUG_INFO = NO;
				SDKROOT = iphoneos;
				SWIFT_OPTIMIZATION_LEVEL = "-Owholemodule";
				TARGETED_DEVICE_FAMILY = "1,2";
				VALIDATE_PRODUCT = YES;
			};
			name = Release;
		};
		C47B97D91DD1A89200F6F6A0 /* Debug */ = {
			isa = XCBuildConfiguration;
			buildSettings = {
				ASSETCATALOG_COMPILER_APPICON_NAME = AppIcon;
				DEVELOPMENT_TEAM = 9Y74876TPS;
				INFOPLIST_FILE = VisualAlgorithm/Info.plist;
				IPHONEOS_DEPLOYMENT_TARGET = 8.4;
				LD_RUNPATH_SEARCH_PATHS = "$(inherited) @executable_path/Frameworks";
				PRODUCT_BUNDLE_IDENTIFIER = com.easyulife.VisualAlgorithm;
				PRODUCT_NAME = "$(TARGET_NAME)";
				SWIFT_VERSION = 3.0;
			};
			name = Debug;
		};
		C47B97DA1DD1A89200F6F6A0 /* Release */ = {
			isa = XCBuildConfiguration;
			buildSettings = {
				ASSETCATALOG_COMPILER_APPICON_NAME = AppIcon;
				DEVELOPMENT_TEAM = 9Y74876TPS;
				INFOPLIST_FILE = VisualAlgorithm/Info.plist;
				IPHONEOS_DEPLOYMENT_TARGET = 8.4;
				LD_RUNPATH_SEARCH_PATHS = "$(inherited) @executable_path/Frameworks";
				PRODUCT_BUNDLE_IDENTIFIER = com.easyulife.VisualAlgorithm;
				PRODUCT_NAME = "$(TARGET_NAME)";
				SWIFT_VERSION = 3.0;
			};
			name = Release;
		};
/* End XCBuildConfiguration section */

/* Begin XCConfigurationList section */
		C47B97C11DD1A89200F6F6A0 /* Build configuration list for PBXProject "VisualAlgorithm" */ = {
			isa = XCConfigurationList;
			buildConfigurations = (
				C47B97D61DD1A89200F6F6A0 /* Debug */,
				C47B97D71DD1A89200F6F6A0 /* Release */,
			);
			defaultConfigurationIsVisible = 0;
			defaultConfigurationName = Release;
		};
		C47B97D81DD1A89200F6F6A0 /* Build configuration list for PBXNativeTarget "VisualAlgorithm" */ = {
			isa = XCConfigurationList;
			buildConfigurations = (
				C47B97D91DD1A89200F6F6A0 /* Debug */,
				C47B97DA1DD1A89200F6F6A0 /* Release */,
			);
			defaultConfigurationIsVisible = 0;
			defaultConfigurationName = Release;
		};
/* End XCConfigurationList section */
	};
	rootObject = C47B97BE1DD1A89200F6F6A0 /* Project object */;
}
